
Microsoft Visual Studio Solution File, Format Version 12.00
# Visual Studio Version 16
VisualStudioVersion = 16.0.30804.86
MinimumVisualStudioVersion = 10.0.40219.1
Project("{FAE04EC0-301F-11D3-BF4B-00C04F79EFBC}") = "pruebaConsola", "pruebaConsola\pruebaConsola.csproj", "{45839295-553E-4B4E-A90A-E742D71AF5CF}"
EndProject
Global
	GlobalSection(SolutionConfigurationPlatforms) = preSolution
		Debug|Any CPU = Debug|Any CPU
		Release|Any CPU = Release|Any CPU
	EndGlobalSection
	GlobalSection(ProjectConfigurationPlatforms) = postSolution
		{45839295-553E-4B4E-A90A-E742D71AF5CF}.Debug|Any CPU.ActiveCfg = Debug|Any CPU
		{45839295-553E-4B4E-A90A-E742D71AF5CF}.Debug|Any CPU.Build.0 = Debug|Any CPU
		{45839295-553E-4B4E-A90A-E742D71AF5CF}.Release|Any CPU.ActiveCfg = Release|Any CPU
		{45839295-553E-4B4E-A90A-E742D71AF5CF}.Release|Any CPU.Build.0 = Release|Any CPU
	EndGlobalSection
	GlobalSection(SolutionProperties) = preSolution
		HideSolutionNode = FALSE
	EndGlobalSection
	GlobalSection(ExtensibilityGlobals) = postSolution
		SolutionGuid = {757B1743-2D81-4E65-8571-453F4C448616}
	EndGlobalSection
EndGlobal
